
Microsoft Visual Studio Solution File, Format Version 12.00
# Visual Studio 2012
Project("{FAE04EC0-301F-11D3-BF4B-00C04F79EFBC}") = "tdd", "tdd\tdd.csproj", "{5A796E74-C8F5-4BFA-893E-B516C1515B1B}"
EndProject
Global
	GlobalSection(SolutionConfigurationPlatforms) = preSolution
		Debug|Any CPU = Debug|Any CPU
		Release|Any CPU = Release|Any CPU
	EndGlobalSection
	GlobalSection(ProjectConfigurationPlatforms) = postSolution
		{5A796E74-C8F5-4BFA-893E-B516C1515B1B}.Debug|Any CPU.ActiveCfg = Debug|Any CPU
		{5A796E74-C8F5-4BFA-893E-B516C1515B1B}.Debug|Any CPU.Build.0 = Debug|Any CPU
		{5A796E74-C8F5-4BFA-893E-B516C1515B1B}.Release|Any CPU.ActiveCfg = Release|Any CPU
		{5A796E74-C8F5-4BFA-893E-B516C1515B1B}.Release|Any CPU.Build.0 = Release|Any CPU
	EndGlobalSection
EndGlobal
